
Microsoft Visual Studio Solution File, Format Version 12.00
# Visual Studio Version 16
VisualStudioVersion = 16.0.29519.87
MinimumVisualStudioVersion = 10.0.40219.1
Project("{FAE04EC0-301F-11D3-BF4B-00C04F79EFBC}") = "CTest3", "CTest3\CTest3.csproj", "{DAA71B67-6772-413C-930B-BC89F7C9D555}"
EndProject
Global
	GlobalSection(SolutionConfigurationPlatforms) = preSolution
		Debug|Any CPU = Debug|Any CPU
		Release|Any CPU = Release|Any CPU
	EndGlobalSection
	GlobalSection(ProjectConfigurationPlatforms) = postSolution
		{DAA71B67-6772-413C-930B-BC89F7C9D555}.Debug|Any CPU.ActiveCfg = Debug|Any CPU
		{DAA71B67-6772-413C-930B-BC89F7C9D555}.Debug|Any CPU.Build.0 = Debug|Any CPU
		{DAA71B67-6772-413C-930B-BC89F7C9D555}.Release|Any CPU.ActiveCfg = Release|Any CPU
		{DAA71B67-6772-413C-930B-BC89F7C9D555}.Release|Any CPU.Build.0 = Release|Any CPU
	EndGlobalSection
	GlobalSection(SolutionProperties) = preSolution
		HideSolutionNode = FALSE
	EndGlobalSection
	GlobalSection(ExtensibilityGlobals) = postSolution
		SolutionGuid = {EF9B6B25-7CAD-4115-A302-FF4605462FB3}
	EndGlobalSection
EndGlobal
